
Microsoft Visual Studio Solution File, Format Version 12.00
# Visual Studio Version 17
VisualStudioVersion = 17.14.36623.8
MinimumVisualStudioVersion = 10.0.40219.1
Project("{FAE04EC0-301F-11D3-BF4B-00C04F79EFBC}") = "Task1", "Task1\Task1.csproj", "{8A0B32B4-0A83-4712-B685-6F9AAE8C4B64}"
EndProject
Project("{2150E333-8FDC-42A3-9474-1A3956D46DE8}") = "Solution Items", "Solution Items", "{8EC462FD-D22E-90A8-E5CE-7E832BA40C5D}"
	ProjectSection(SolutionItems) = preProject
		.gitignore = .gitignore
	EndProjectSection
EndProject
Project("{FAE04EC0-301F-11D3-BF4B-00C04F79EFBC}") = "Task2", "Task2\Task2.csproj", "{1AD8B5C3-472A-4E34-98EC-784116B124FC}"
EndProject
Project("{FAE04EC0-301F-11D3-BF4B-00C04F79EFBC}") = "Task3", "Task3\Task3.csproj", "{250AEB97-9315-4CA6-AF59-E6CC773FC92B}"
EndProject
Project("{FAE04EC0-301F-11D3-BF4B-00C04F79EFBC}") = "Task4", "Task4\Task4.csproj", "{040BAC4E-F692-4089-8AD2-89FCD6431B60}"
EndProject
Project("{FAE04EC0-301F-11D3-BF4B-00C04F79EFBC}") = "Task5", "Task5\Task5.csproj", "{53D08B77-5786-4063-8E0C-D18514A3656B}"
EndProject
Global
	GlobalSection(SolutionConfigurationPlatforms) = preSolution
		Debug|Any CPU = Debug|Any CPU
		Release|Any CPU = Release|Any CPU
	EndGlobalSection
	GlobalSection(ProjectConfigurationPlatforms) = postSolution
		{8A0B32B4-0A83-4712-B685-6F9AAE8C4B64}.Debug|Any CPU.ActiveCfg = Debug|Any CPU
		{8A0B32B4-0A83-4712-B685-6F9AAE8C4B64}.Debug|Any CPU.Build.0 = Debug|Any CPU
		{8A0B32B4-0A83-4712-B685-6F9AAE8C4B64}.Release|Any CPU.ActiveCfg = Release|Any CPU
		{8A0B32B4-0A83-4712-B685-6F9AAE8C4B64}.Release|Any CPU.Build.0 = Release|Any CPU
		{1AD8B5C3-472A-4E34-98EC-784116B124FC}.Debug|Any CPU.ActiveCfg = Debug|Any CPU
		{1AD8B5C3-472A-4E34-98EC-784116B124FC}.Debug|Any CPU.Build.0 = Debug|Any CPU
		{1AD8B5C3-472A-4E34-98EC-784116B124FC}.Release|Any CPU.ActiveCfg = Release|Any CPU
		{1AD8B5C3-472A-4E34-98EC-784116B124FC}.Release|Any CPU.Build.0 = Release|Any CPU
		{250AEB97-9315-4CA6-AF59-E6CC773FC92B}.Debug|Any CPU.ActiveCfg = Debug|Any CPU
		{250AEB97-9315-4CA6-AF59-E6CC773FC92B}.Debug|Any CPU.Build.0 = Debug|Any CPU
		{250AEB97-9315-4CA6-AF59-E6CC773FC92B}.Release|Any CPU.ActiveCfg = Release|Any CPU
		{250AEB97-9315-4CA6-AF59-E6CC773FC92B}.Release|Any CPU.Build.0 = Release|Any CPU
		{040BAC4E-F692-4089-8AD2-89FCD6431B60}.Debug|Any CPU.ActiveCfg = Debug|Any CPU
		{040BAC4E-F692-4089-8AD2-89FCD6431B60}.Debug|Any CPU.Build.0 = Debug|Any CPU
		{040BAC4E-F692-4089-8AD2-89FCD6431B60}.Release|Any CPU.ActiveCfg = Release|Any CPU
		{040BAC4E-F692-4089-8AD2-89FCD6431B60}.Release|Any CPU.Build.0 = Release|Any CPU
		{53D08B77-5786-4063-8E0C-D18514A3656B}.Debug|Any CPU.ActiveCfg = Debug|Any CPU
		{53D08B77-5786-4063-8E0C-D18514A3656B}.Debug|Any CPU.Build.0 = Debug|Any CPU
		{53D08B77-5786-4063-8E0C-D18514A3656B}.Release|Any CPU.ActiveCfg = Release|Any CPU
		{53D08B77-5786-4063-8E0C-D18514A3656B}.Release|Any CPU.Build.0 = Release|Any CPU
	EndGlobalSection
	GlobalSection(SolutionProperties) = preSolution
		HideSolutionNode = FALSE
	EndGlobalSection
	GlobalSection(ExtensibilityGlobals) = postSolution
		SolutionGuid = {5E86C2F3-2470-41D0-AA79-958327F26166}
	EndGlobalSection
EndGlobal
